
Microsoft Visual Studio Solution File, Format Version 12.00
# Visual Studio 2015
Project("{FAE04EC0-301F-11D3-BF4B-00C04F79EFBC}") = "NsConfigLib", "NsConfigLib.csproj", "{D15D5735-D1D1-E07C-3F64-13289D49FB75}"
EndProject
Project("{FAE04EC0-301F-11D3-BF4B-00C04F79EFBC}") = "NsConfigLib.Editor", "NsConfigLib.Editor.csproj", "{A3A2A4A2-7CB7-841C-8A02-F2BD3F923AFD}"
EndProject
Global
	GlobalSection(SolutionConfigurationPlatforms) = preSolution
		Debug|Any CPU = Debug|Any CPU
		Release|Any CPU = Release|Any CPU
	EndGlobalSection
	GlobalSection(ProjectConfigurationPlatforms) = postSolution
		{D15D5735-D1D1-E07C-3F64-13289D49FB75}.Debug|Any CPU.ActiveCfg = Debug|Any CPU
		{D15D5735-D1D1-E07C-3F64-13289D49FB75}.Debug|Any CPU.Build.0 = Debug|Any CPU
		{D15D5735-D1D1-E07C-3F64-13289D49FB75}.Release|Any CPU.ActiveCfg = Release|Any CPU
		{D15D5735-D1D1-E07C-3F64-13289D49FB75}.Release|Any CPU.Build.0 = Release|Any CPU
		{A3A2A4A2-7CB7-841C-8A02-F2BD3F923AFD}.Debug|Any CPU.ActiveCfg = Debug|Any CPU
		{A3A2A4A2-7CB7-841C-8A02-F2BD3F923AFD}.Debug|Any CPU.Build.0 = Debug|Any CPU
		{A3A2A4A2-7CB7-841C-8A02-F2BD3F923AFD}.Release|Any CPU.ActiveCfg = Release|Any CPU
		{A3A2A4A2-7CB7-841C-8A02-F2BD3F923AFD}.Release|Any CPU.Build.0 = Release|Any CPU
	EndGlobalSection
	GlobalSection(SolutionProperties) = preSolution
		HideSolutionNode = FALSE
	EndGlobalSection
EndGlobal
